
Microsoft Visual Studio Solution File, Format Version 12.00
# Visual Studio Version 18
VisualStudioVersion = 18.3.11520.95
MinimumVisualStudioVersion = 10.0.40219.1
Project("{FAE04EC0-301F-11D3-BF4B-00C04F79EFBC}") = "Playwright", "Playwright\Playwright.csproj", "{F6164AFC-A6F3-49AD-B309-997E47BB6F7D}"
EndProject
Project("{FAE04EC0-301F-11D3-BF4B-00C04F79EFBC}") = "Playwright.Compat.MortsCorporationFaction", "Compat\Playwright.Compat.MortsCorporationFaction\Playwright.Compat.MortsCorporationFaction.csproj", "{F6164AFC-A6F3-49AD-B309-997E47BB6F7E}"
EndProject
Project("{2150E333-8FDC-42A3-9474-1A3956D46DE8}") = "Compat", "Compat", "{A66E855C-F7EE-495C-BE54-37C609F0FCA6}"
EndProject
Project("{FAE04EC0-301F-11D3-BF4B-00C04F79EFBC}") = "Playwright.Compat.VREAndroids", "Compat\Playwright.Compat.VREAndroids\Playwright.Compat.VREAndroids.csproj", "{79AD81E0-60D6-4CD4-9E9B-0D317C9A0746}"
EndProject
Project("{FAE04EC0-301F-11D3-BF4B-00C04F79EFBC}") = "Playwright.Compat.VehicleFramework", "Compat\Playwright.Compat.VehicleFramework\Playwright.Compat.VehicleFramework.csproj", "{149C5F10-1514-44E6-BB85-309DD297BA0A}"
EndProject
Project("{FAE04EC0-301F-11D3-BF4B-00C04F79EFBC}") = "Playwright.Compat.VFEEmpire", "Compat\Playwright.Compat.VFEEmpire\Playwright.Compat.VFEEmpire.csproj", "{CBE8BFDD-D7FA-4288-9F0F-75376E4B6C05}"
EndProject
Project("{FAE04EC0-301F-11D3-BF4B-00C04F79EFBC}") = "Playwright.Compat.BSSapientAnimals", "Compat\Playwright.Compat.BSSapientAnimals\Playwright.Compat.BSSapientAnimals.csproj", "{9D9C258A-15A2-492F-84D4-A5F5B44208A6}"
EndProject
Project("{FAE04EC0-301F-11D3-BF4B-00C04F79EFBC}") = "Playwright.Compat.Endling", "Compat\Playwright.Compat.Endling\Playwright.Compat.Endling.csproj", "{47E3CE4E-3A17-4CAC-995E-936CE19203F1}"
EndProject
Global
	GlobalSection(SolutionConfigurationPlatforms) = preSolution
		Debug|Any CPU = Debug|Any CPU
		Release|Any CPU = Release|Any CPU
	EndGlobalSection
	GlobalSection(ProjectConfigurationPlatforms) = postSolution
		{F6164AFC-A6F3-49AD-B309-997E47BB6F7D}.Debug|Any CPU.ActiveCfg = Debug|Any CPU
		{F6164AFC-A6F3-49AD-B309-997E47BB6F7D}.Debug|Any CPU.Build.0 = Debug|Any CPU
		{F6164AFC-A6F3-49AD-B309-997E47BB6F7D}.Release|Any CPU.ActiveCfg = Release|Any CPU
		{F6164AFC-A6F3-49AD-B309-997E47BB6F7D}.Release|Any CPU.Build.0 = Release|Any CPU
		{F6164AFC-A6F3-49AD-B309-997E47BB6F7E}.Debug|Any CPU.ActiveCfg = Debug|Any CPU
		{F6164AFC-A6F3-49AD-B309-997E47BB6F7E}.Debug|Any CPU.Build.0 = Debug|Any CPU
		{F6164AFC-A6F3-49AD-B309-997E47BB6F7E}.Release|Any CPU.ActiveCfg = Release|Any CPU
		{F6164AFC-A6F3-49AD-B309-997E47BB6F7E}.Release|Any CPU.Build.0 = Release|Any CPU
		{79AD81E0-60D6-4CD4-9E9B-0D317C9A0746}.Debug|Any CPU.ActiveCfg = Debug|Any CPU
		{79AD81E0-60D6-4CD4-9E9B-0D317C9A0746}.Debug|Any CPU.Build.0 = Debug|Any CPU
		{79AD81E0-60D6-4CD4-9E9B-0D317C9A0746}.Release|Any CPU.ActiveCfg = Release|Any CPU
		{79AD81E0-60D6-4CD4-9E9B-0D317C9A0746}.Release|Any CPU.Build.0 = Release|Any CPU
		{149C5F10-1514-44E6-BB85-309DD297BA0A}.Debug|Any CPU.ActiveCfg = Debug|Any CPU
		{149C5F10-1514-44E6-BB85-309DD297BA0A}.Debug|Any CPU.Build.0 = Debug|Any CPU
		{149C5F10-1514-44E6-BB85-309DD297BA0A}.Release|Any CPU.ActiveCfg = Release|Any CPU
		{149C5F10-1514-44E6-BB85-309DD297BA0A}.Release|Any CPU.Build.0 = Release|Any CPU
		{CBE8BFDD-D7FA-4288-9F0F-75376E4B6C05}.Debug|Any CPU.ActiveCfg = Debug|Any CPU
		{CBE8BFDD-D7FA-4288-9F0F-75376E4B6C05}.Debug|Any CPU.Build.0 = Debug|Any CPU
		{CBE8BFDD-D7FA-4288-9F0F-75376E4B6C05}.Release|Any CPU.ActiveCfg = Release|Any CPU
		{CBE8BFDD-D7FA-4288-9F0F-75376E4B6C05}.Release|Any CPU.Build.0 = Release|Any CPU
		{9D9C258A-15A2-492F-84D4-A5F5B44208A6}.Debug|Any CPU.ActiveCfg = Debug|Any CPU
		{9D9C258A-15A2-492F-84D4-A5F5B44208A6}.Debug|Any CPU.Build.0 = Debug|Any CPU
		{9D9C258A-15A2-492F-84D4-A5F5B44208A6}.Release|Any CPU.ActiveCfg = Release|Any CPU
		{9D9C258A-15A2-492F-84D4-A5F5B44208A6}.Release|Any CPU.Build.0 = Release|Any CPU
		{47E3CE4E-3A17-4CAC-995E-936CE19203F1}.Debug|Any CPU.ActiveCfg = Debug|Any CPU
		{47E3CE4E-3A17-4CAC-995E-936CE19203F1}.Debug|Any CPU.Build.0 = Debug|Any CPU
		{47E3CE4E-3A17-4CAC-995E-936CE19203F1}.Release|Any CPU.ActiveCfg = Release|Any CPU
		{47E3CE4E-3A17-4CAC-995E-936CE19203F1}.Release|Any CPU.Build.0 = Release|Any CPU
	EndGlobalSection
	GlobalSection(SolutionProperties) = preSolution
		HideSolutionNode = FALSE
	EndGlobalSection
	GlobalSection(NestedProjects) = preSolution
		{F6164AFC-A6F3-49AD-B309-997E47BB6F7E} = {A66E855C-F7EE-495C-BE54-37C609F0FCA6}
		{79AD81E0-60D6-4CD4-9E9B-0D317C9A0746} = {A66E855C-F7EE-495C-BE54-37C609F0FCA6}
		{149C5F10-1514-44E6-BB85-309DD297BA0A} = {A66E855C-F7EE-495C-BE54-37C609F0FCA6}
		{CBE8BFDD-D7FA-4288-9F0F-75376E4B6C05} = {A66E855C-F7EE-495C-BE54-37C609F0FCA6}
		{9D9C258A-15A2-492F-84D4-A5F5B44208A6} = {A66E855C-F7EE-495C-BE54-37C609F0FCA6}
		{47E3CE4E-3A17-4CAC-995E-936CE19203F1} = {A66E855C-F7EE-495C-BE54-37C609F0FCA6}
	EndGlobalSection
	GlobalSection(ExtensibilityGlobals) = postSolution
		SolutionGuid = {41782E2C-45E7-48ED-A26C-E141E03E24CE}
	EndGlobalSection
EndGlobal
