
Microsoft Visual Studio Solution File, Format Version 12.00
# Visual Studio Version 18
VisualStudioVersion = 18.3.11520.95
MinimumVisualStudioVersion = 10.0.40219.1
Project("{FAE04EC0-301F-11D3-BF4B-00C04F79EFBC}") = "Playwright", "Playwright\Playwright.csproj", "{F6164AFC-A6F3-49AD-B309-997E47BB6F7D}"
EndProject
Project("{FAE04EC0-301F-11D3-BF4B-00C04F79EFBC}") = "Playwright.Compat.MortsCorporationFaction", "Compat\Playwright.Compat.MortsCorporationFaction\Playwright.Compat.MortsCorporationFaction.csproj", "{F6164AFC-A6F3-49AD-B309-997E47BB6F7E}"
EndProject
Project("{2150E333-8FDC-42A3-9474-1A3956D46DE8}") = "Compat", "Compat", "{A66E855C-F7EE-495C-BE54-37C609F0FCA6}"
EndProject
Global
	GlobalSection(SolutionConfigurationPlatforms) = preSolution
		Debug|Any CPU = Debug|Any CPU
		Release|Any CPU = Release|Any CPU
	EndGlobalSection
	GlobalSection(ProjectConfigurationPlatforms) = postSolution
		{F6164AFC-A6F3-49AD-B309-997E47BB6F7D}.Debug|Any CPU.ActiveCfg = Debug|Any CPU
		{F6164AFC-A6F3-49AD-B309-997E47BB6F7D}.Debug|Any CPU.Build.0 = Debug|Any CPU
		{F6164AFC-A6F3-49AD-B309-997E47BB6F7D}.Release|Any CPU.ActiveCfg = Release|Any CPU
		{F6164AFC-A6F3-49AD-B309-997E47BB6F7D}.Release|Any CPU.Build.0 = Release|Any CPU
		{F6164AFC-A6F3-49AD-B309-997E47BB6F7E}.Debug|Any CPU.ActiveCfg = Debug|Any CPU
		{F6164AFC-A6F3-49AD-B309-997E47BB6F7E}.Debug|Any CPU.Build.0 = Debug|Any CPU
		{F6164AFC-A6F3-49AD-B309-997E47BB6F7E}.Release|Any CPU.ActiveCfg = Release|Any CPU
		{F6164AFC-A6F3-49AD-B309-997E47BB6F7E}.Release|Any CPU.Build.0 = Release|Any CPU
	EndGlobalSection
	GlobalSection(SolutionProperties) = preSolution
		HideSolutionNode = FALSE
	EndGlobalSection
	GlobalSection(NestedProjects) = preSolution
		{F6164AFC-A6F3-49AD-B309-997E47BB6F7E} = {A66E855C-F7EE-495C-BE54-37C609F0FCA6}
	EndGlobalSection
	GlobalSection(ExtensibilityGlobals) = postSolution
		SolutionGuid = {41782E2C-45E7-48ED-A26C-E141E03E24CE}
	EndGlobalSection
EndGlobal
